// !$*UTF8*$!
{
	archiveVersion = 1;
	classes = {
	};
	objectVersion = 46;
	objects = {

/* Begin PBXBuildFile section */
		83DFC9291C1A6512008BCAF3 /* MypageViewController.swift in Sources */ = {isa = PBXBuildFile; fileRef = 83DFC9281C1A6512008BCAF3 /* MypageViewController.swift */; };
		8B061B761C195580009B5673 /* PostData.swift in Sources */ = {isa = PBXBuildFile; fileRef = 8B061B751C195580009B5673 /* PostData.swift */; };
		8B1A856D1BE71F090052BB8B /* AppDelegate.swift in Sources */ = {isa = PBXBuildFile; fileRef = 8B1A856C1BE71F090052BB8B /* AppDelegate.swift */; };
		8B1A856F1BE71F090052BB8B /* ViewController.swift in Sources */ = {isa = PBXBuildFile; fileRef = 8B1A856E1BE71F090052BB8B /* ViewController.swift */; };
		8B1A85721BE71F090052BB8B /* Main.storyboard in Resources */ = {isa = PBXBuildFile; fileRef = 8B1A85701BE71F090052BB8B /* Main.storyboard */; };
		8B1A85741BE71F090052BB8B /* Assets.xcassets in Resources */ = {isa = PBXBuildFile; fileRef = 8B1A85731BE71F090052BB8B /* Assets.xcassets */; };
		8B1A85771BE71F0A0052BB8B /* LaunchScreen.storyboard in Resources */ = {isa = PBXBuildFile; fileRef = 8B1A85751BE71F0A0052BB8B /* LaunchScreen.storyboard */; };
		8B1A85821BE71F0A0052BB8B /* makeShareTests.swift in Sources */ = {isa = PBXBuildFile; fileRef = 8B1A85811BE71F0A0052BB8B /* makeShareTests.swift */; };
		8B1A858D1BE71F0A0052BB8B /* makeShareUITests.swift in Sources */ = {isa = PBXBuildFile; fileRef = 8B1A858C1BE71F0A0052BB8B /* makeShareUITests.swift */; };
		8B3CDA4C1C1117500011BD10 /* TimeLine.swift in Sources */ = {isa = PBXBuildFile; fileRef = 8B3CDA4B1C1117500011BD10 /* TimeLine.swift */; };
		8B3CDA4E1C11186C0011BD10 /* TimeLineCell.swift in Sources */ = {isa = PBXBuildFile; fileRef = 8B3CDA4D1C11186C0011BD10 /* TimeLineCell.swift */; };
		8B3CDA501C1132650011BD10 /* DetailViewController.swift in Sources */ = {isa = PBXBuildFile; fileRef = 8B3CDA4F1C1132650011BD10 /* DetailViewController.swift */; };
		8B629CEB1C19E1E900B00F31 /* PostViewController.swift in Sources */ = {isa = PBXBuildFile; fileRef = 8B629CEA1C19E1E900B00F31 /* PostViewController.swift */; };
		8B629D3B1C19E4E200B00F31 /* ELCAlbumPickerController.m in Sources */ = {isa = PBXBuildFile; fileRef = 8B629D251C19E4E200B00F31 /* ELCAlbumPickerController.m */; };
		8B629D3C1C19E4E200B00F31 /* ELCAsset.m in Sources */ = {isa = PBXBuildFile; fileRef = 8B629D271C19E4E200B00F31 /* ELCAsset.m */; };
		8B629D3D1C19E4E200B00F31 /* ELCAssetCell.m in Sources */ = {isa = PBXBuildFile; fileRef = 8B629D291C19E4E200B00F31 /* ELCAssetCell.m */; };
		8B629D3E1C19E4E200B00F31 /* ELCAssetTablePicker.m in Sources */ = {isa = PBXBuildFile; fileRef = 8B629D2D1C19E4E200B00F31 /* ELCAssetTablePicker.m */; };
		8B629D3F1C19E4E200B00F31 /* ELCConsole.m in Sources */ = {isa = PBXBuildFile; fileRef = 8B629D2F1C19E4E200B00F31 /* ELCConsole.m */; };
		8B629D401C19E4E200B00F31 /* ELCImagePickerController.m in Sources */ = {isa = PBXBuildFile; fileRef = 8B629D311C19E4E200B00F31 /* ELCImagePickerController.m */; };
		8B629D411C19E4E200B00F31 /* ELCOverlayImageView.m in Sources */ = {isa = PBXBuildFile; fileRef = 8B629D341C19E4E200B00F31 /* ELCOverlayImageView.m */; };
		8B629D421C19E4E200B00F31 /* ELCAlbumPickerController.xib in Resources */ = {isa = PBXBuildFile; fileRef = 8B629D361C19E4E200B00F31 /* ELCAlbumPickerController.xib */; };
		8B629D431C19E4E200B00F31 /* ELCAssetPicker.xib in Resources */ = {isa = PBXBuildFile; fileRef = 8B629D371C19E4E200B00F31 /* ELCAssetPicker.xib */; };
		8B629D441C19E4E200B00F31 /* ELCAssetTablePicker.xib in Resources */ = {isa = PBXBuildFile; fileRef = 8B629D381C19E4E200B00F31 /* ELCAssetTablePicker.xib */; };
		8B629D451C19E4E200B00F31 /* Overlay.png in Resources */ = {isa = PBXBuildFile; fileRef = 8B629D391C19E4E200B00F31 /* Overlay.png */; };
		8B629D461C19E4E200B00F31 /* Overlay@2x.png in Resources */ = {isa = PBXBuildFile; fileRef = 8B629D3A1C19E4E200B00F31 /* Overlay@2x.png */; };
		8B629D501C19E4EE00B00F31 /* GCD.swift in Sources */ = {isa = PBXBuildFile; fileRef = 8B629D481C19E4EE00B00F31 /* GCD.swift */; };
		8B629D511C19E4EE00B00F31 /* Net.swift in Sources */ = {isa = PBXBuildFile; fileRef = 8B629D491C19E4EE00B00F31 /* Net.swift */; };
		8B629D521C19E4EE00B00F31 /* NetData.swift in Sources */ = {isa = PBXBuildFile; fileRef = 8B629D4A1C19E4EE00B00F31 /* NetData.swift */; };
		8B629D531C19E4EE00B00F31 /* NetDownloadTask.swift in Sources */ = {isa = PBXBuildFile; fileRef = 8B629D4B1C19E4EE00B00F31 /* NetDownloadTask.swift */; };
		8B629D541C19E4EE00B00F31 /* NetHelper.swift in Sources */ = {isa = PBXBuildFile; fileRef = 8B629D4C1C19E4EE00B00F31 /* NetHelper.swift */; };
		8B629D551C19E4EE00B00F31 /* NetRequestSerialization.swift in Sources */ = {isa = PBXBuildFile; fileRef = 8B629D4D1C19E4EE00B00F31 /* NetRequestSerialization.swift */; };
		8B629D561C19E4EE00B00F31 /* NetResponseData.swift in Sources */ = {isa = PBXBuildFile; fileRef = 8B629D4E1C19E4EE00B00F31 /* NetResponseData.swift */; };
		8B629D571C19E4EE00B00F31 /* NetUploadTask.swift in Sources */ = {isa = PBXBuildFile; fileRef = 8B629D4F1C19E4EE00B00F31 /* NetUploadTask.swift */; };
		AA43B22B1C1B87B000323905 /* UserData.swift in Sources */ = {isa = PBXBuildFile; fileRef = AA43B22A1C1B87B000323905 /* UserData.swift */; };
		AAFACE1E1BE72A2D00E3C7A0 /* 01.jpg in Resources */ = {isa = PBXBuildFile; fileRef = AAFACE181BE72A2D00E3C7A0 /* 01.jpg */; };
		AAFACE1F1BE72A2D00E3C7A0 /* 41aFOL5fe8L.jpg in Resources */ = {isa = PBXBuildFile; fileRef = AAFACE191BE72A2D00E3C7A0 /* 41aFOL5fe8L.jpg */; };
		AAFACE201BE72A2D00E3C7A0 /* 00.jpg in Resources */ = {isa = PBXBuildFile; fileRef = AAFACE1A1BE72A2D00E3C7A0 /* 00.jpg */; };
		AAFACE211BE72A2D00E3C7A0 /* 07.jpg in Resources */ = {isa = PBXBuildFile; fileRef = AAFACE1B1BE72A2D00E3C7A0 /* 07.jpg */; };
		AAFACE231BE72A2D00E3C7A0 /* 03.jpg in Resources */ = {isa = PBXBuildFile; fileRef = AAFACE1D1BE72A2D00E3C7A0 /* 03.jpg */; };
		AAFACE251BE72C9700E3C7A0 /* 61HFaGJfqoL._SL1424_.jpg in Resources */ = {isa = PBXBuildFile; fileRef = AAFACE241BE72C9700E3C7A0 /* 61HFaGJfqoL._SL1424_.jpg */; };
/* End PBXBuildFile section */

/* Begin PBXContainerItemProxy section */
		8B1A857E1BE71F0A0052BB8B /* PBXContainerItemProxy */ = {
			isa = PBXContainerItemProxy;
			containerPortal = 8B1A85611BE71F090052BB8B /* Project object */;
			proxyType = 1;
			remoteGlobalIDString = 8B1A85681BE71F090052BB8B;
			remoteInfo = makeShare;
		};
		8B1A85891BE71F0A0052BB8B /* PBXContainerItemProxy */ = {
			isa = PBXContainerItemProxy;
			containerPortal = 8B1A85611BE71F090052BB8B /* Project object */;
			proxyType = 1;
			remoteGlobalIDString = 8B1A85681BE71F090052BB8B;
			remoteInfo = makeShare;
		};
/* End PBXContainerItemProxy section */

/* Begin PBXFileReference section */
		83DFC9281C1A6512008BCAF3 /* MypageViewController.swift */ = {isa = PBXFileReference; fileEncoding = 4; lastKnownFileType = sourcecode.swift; path = MypageViewController.swift; sourceTree = "<group>"; };
		8B061B751C195580009B5673 /* PostData.swift */ = {isa = PBXFileReference; fileEncoding = 4; lastKnownFileType = sourcecode.swift; path = PostData.swift; sourceTree = "<group>"; };
		8B1A85691BE71F090052BB8B /* makeShare.app */ = {isa = PBXFileReference; explicitFileType = wrapper.application; includeInIndex = 0; path = makeShare.app; sourceTree = BUILT_PRODUCTS_DIR; };
		8B1A856C1BE71F090052BB8B /* AppDelegate.swift */ = {isa = PBXFileReference; lastKnownFileType = sourcecode.swift; path = AppDelegate.swift; sourceTree = "<group>"; };
		8B1A856E1BE71F090052BB8B /* ViewController.swift */ = {isa = PBXFileReference; lastKnownFileType = sourcecode.swift; path = ViewController.swift; sourceTree = "<group>"; };
		8B1A85711BE71F090052BB8B /* Base */ = {isa = PBXFileReference; lastKnownFileType = file.storyboard; name = Base; path = Base.lproj/Main.storyboard; sourceTree = "<group>"; };
		8B1A85731BE71F090052BB8B /* Assets.xcassets */ = {isa = PBXFileReference; lastKnownFileType = folder.assetcatalog; path = Assets.xcassets; sourceTree = "<group>"; };
		8B1A85761BE71F0A0052BB8B /* Base */ = {isa = PBXFileReference; lastKnownFileType = file.storyboard; name = Base; path = Base.lproj/LaunchScreen.storyboard; sourceTree = "<group>"; };
		8B1A85781BE71F0A0052BB8B /* Info.plist */ = {isa = PBXFileReference; lastKnownFileType = text.plist.xml; path = Info.plist; sourceTree = "<group>"; };
		8B1A857D1BE71F0A0052BB8B /* makeShareTests.xctest */ = {isa = PBXFileReference; explicitFileType = wrapper.cfbundle; includeInIndex = 0; path = makeShareTests.xctest; sourceTree = BUILT_PRODUCTS_DIR; };
		8B1A85811BE71F0A0052BB8B /* makeShareTests.swift */ = {isa = PBXFileReference; lastKnownFileType = sourcecode.swift; path = makeShareTests.swift; sourceTree = "<group>"; };
		8B1A85831BE71F0A0052BB8B /* Info.plist */ = {isa = PBXFileReference; lastKnownFileType = text.plist.xml; path = Info.plist; sourceTree = "<group>"; };
		8B1A85881BE71F0A0052BB8B /* makeShareUITests.xctest */ = {isa = PBXFileReference; explicitFileType = wrapper.cfbundle; includeInIndex = 0; path = makeShareUITests.xctest; sourceTree = BUILT_PRODUCTS_DIR; };
		8B1A858C1BE71F0A0052BB8B /* makeShareUITests.swift */ = {isa = PBXFileReference; lastKnownFileType = sourcecode.swift; path = makeShareUITests.swift; sourceTree = "<group>"; };
		8B1A858E1BE71F0A0052BB8B /* Info.plist */ = {isa = PBXFileReference; lastKnownFileType = text.plist.xml; path = Info.plist; sourceTree = "<group>"; };
		8B3CDA4B1C1117500011BD10 /* TimeLine.swift */ = {isa = PBXFileReference; fileEncoding = 4; lastKnownFileType = sourcecode.swift; path = TimeLine.swift; sourceTree = "<group>"; };
		8B3CDA4D1C11186C0011BD10 /* TimeLineCell.swift */ = {isa = PBXFileReference; fileEncoding = 4; lastKnownFileType = sourcecode.swift; path = TimeLineCell.swift; sourceTree = "<group>"; };
		8B3CDA4F1C1132650011BD10 /* DetailViewController.swift */ = {isa = PBXFileReference; fileEncoding = 4; lastKnownFileType = sourcecode.swift; path = DetailViewController.swift; sourceTree = "<group>"; };
		8B629CEA1C19E1E900B00F31 /* PostViewController.swift */ = {isa = PBXFileReference; fileEncoding = 4; lastKnownFileType = sourcecode.swift; path = PostViewController.swift; sourceTree = "<group>"; };
		8B629D241C19E4E200B00F31 /* ELCAlbumPickerController.h */ = {isa = PBXFileReference; fileEncoding = 4; lastKnownFileType = sourcecode.c.h; path = ELCAlbumPickerController.h; sourceTree = "<group>"; };
		8B629D251C19E4E200B00F31 /* ELCAlbumPickerController.m */ = {isa = PBXFileReference; fileEncoding = 4; lastKnownFileType = sourcecode.c.objc; path = ELCAlbumPickerController.m; sourceTree = "<group>"; };
		8B629D261C19E4E200B00F31 /* ELCAsset.h */ = {isa = PBXFileReference; fileEncoding = 4; lastKnownFileType = sourcecode.c.h; path = ELCAsset.h; sourceTree = "<group>"; };
		8B629D271C19E4E200B00F31 /* ELCAsset.m */ = {isa = PBXFileReference; fileEncoding = 4; lastKnownFileType = sourcecode.c.objc; path = ELCAsset.m; sourceTree = "<group>"; };
		8B629D281C19E4E200B00F31 /* ELCAssetCell.h */ = {isa = PBXFileReference; fileEncoding = 4; lastKnownFileType = sourcecode.c.h; path = ELCAssetCell.h; sourceTree = "<group>"; };
		8B629D291C19E4E200B00F31 /* ELCAssetCell.m */ = {isa = PBXFileReference; fileEncoding = 4; lastKnownFileType = sourcecode.c.objc; path = ELCAssetCell.m; sourceTree = "<group>"; };
		8B629D2A1C19E4E200B00F31 /* ELCAssetPickerFilterDelegate.h */ = {isa = PBXFileReference; fileEncoding = 4; lastKnownFileType = sourcecode.c.h; path = ELCAssetPickerFilterDelegate.h; sourceTree = "<group>"; };
		8B629D2B1C19E4E200B00F31 /* ELCAssetSelectionDelegate.h */ = {isa = PBXFileReference; fileEncoding = 4; lastKnownFileType = sourcecode.c.h; path = ELCAssetSelectionDelegate.h; sourceTree = "<group>"; };
		8B629D2C1C19E4E200B00F31 /* ELCAssetTablePicker.h */ = {isa = PBXFileReference; fileEncoding = 4; lastKnownFileType = sourcecode.c.h; path = ELCAssetTablePicker.h; sourceTree = "<group>"; };
		8B629D2D1C19E4E200B00F31 /* ELCAssetTablePicker.m */ = {isa = PBXFileReference; fileEncoding = 4; lastKnownFileType = sourcecode.c.objc; path = ELCAssetTablePicker.m; sourceTree = "<group>"; };
		8B629D2E1C19E4E200B00F31 /* ELCConsole.h */ = {isa = PBXFileReference; fileEncoding = 4; lastKnownFileType = sourcecode.c.h; path = ELCConsole.h; sourceTree = "<group>"; };
		8B629D2F1C19E4E200B00F31 /* ELCConsole.m */ = {isa = PBXFileReference; fileEncoding = 4; lastKnownFileType = sourcecode.c.objc; path = ELCConsole.m; sourceTree = "<group>"; };
		8B629D301C19E4E200B00F31 /* ELCImagePickerController.h */ = {isa = PBXFileReference; fileEncoding = 4; lastKnownFileType = sourcecode.c.h; path = ELCImagePickerController.h; sourceTree = "<group>"; };
		8B629D311C19E4E200B00F31 /* ELCImagePickerController.m */ = {isa = PBXFileReference; fileEncoding = 4; lastKnownFileType = sourcecode.c.objc; path = ELCImagePickerController.m; sourceTree = "<group>"; };
		8B629D321C19E4E200B00F31 /* ELCImagePickerHeader.h */ = {isa = PBXFileReference; fileEncoding = 4; lastKnownFileType = sourcecode.c.h; path = ELCImagePickerHeader.h; sourceTree = "<group>"; };
		8B629D331C19E4E200B00F31 /* ELCOverlayImageView.h */ = {isa = PBXFileReference; fileEncoding = 4; lastKnownFileType = sourcecode.c.h; path = ELCOverlayImageView.h; sourceTree = "<group>"; };
		8B629D341C19E4E200B00F31 /* ELCOverlayImageView.m */ = {isa = PBXFileReference; fileEncoding = 4; lastKnownFileType = sourcecode.c.objc; path = ELCOverlayImageView.m; sourceTree = "<group>"; };
		8B629D361C19E4E200B00F31 /* ELCAlbumPickerController.xib */ = {isa = PBXFileReference; fileEncoding = 4; lastKnownFileType = file.xib; path = ELCAlbumPickerController.xib; sourceTree = "<group>"; };
		8B629D371C19E4E200B00F31 /* ELCAssetPicker.xib */ = {isa = PBXFileReference; fileEncoding = 4; lastKnownFileType = file.xib; path = ELCAssetPicker.xib; sourceTree = "<group>"; };
		8B629D381C19E4E200B00F31 /* ELCAssetTablePicker.xib */ = {isa = PBXFileReference; fileEncoding = 4; lastKnownFileType = file.xib; path = ELCAssetTablePicker.xib; sourceTree = "<group>"; };
		8B629D391C19E4E200B00F31 /* Overlay.png */ = {isa = PBXFileReference; lastKnownFileType = image.png; path = Overlay.png; sourceTree = "<group>"; };
		8B629D3A1C19E4E200B00F31 /* Overlay@2x.png */ = {isa = PBXFileReference; lastKnownFileType = image.png; path = "Overlay@2x.png"; sourceTree = "<group>"; };
		8B629D481C19E4EE00B00F31 /* GCD.swift */ = {isa = PBXFileReference; fileEncoding = 4; lastKnownFileType = sourcecode.swift; path = GCD.swift; sourceTree = "<group>"; };
		8B629D491C19E4EE00B00F31 /* Net.swift */ = {isa = PBXFileReference; fileEncoding = 4; lastKnownFileType = sourcecode.swift; path = Net.swift; sourceTree = "<group>"; };
		8B629D4A1C19E4EE00B00F31 /* NetData.swift */ = {isa = PBXFileReference; fileEncoding = 4; lastKnownFileType = sourcecode.swift; path = NetData.swift; sourceTree = "<group>"; };
		8B629D4B1C19E4EE00B00F31 /* NetDownloadTask.swift */ = {isa = PBXFileReference; fileEncoding = 4; lastKnownFileType = sourcecode.swift; path = NetDownloadTask.swift; sourceTree = "<group>"; };
		8B629D4C1C19E4EE00B00F31 /* NetHelper.swift */ = {isa = PBXFileReference; fileEncoding = 4; lastKnownFileType = sourcecode.swift; path = NetHelper.swift; sourceTree = "<group>"; };
		8B629D4D1C19E4EE00B00F31 /* NetRequestSerialization.swift */ = {isa = PBXFileReference; fileEncoding = 4; lastKnownFileType = sourcecode.swift; path = NetRequestSerialization.swift; sourceTree = "<group>"; };
		8B629D4E1C19E4EE00B00F31 /* NetResponseData.swift */ = {isa = PBXFileReference; fileEncoding = 4; lastKnownFileType = sourcecode.swift; path = NetResponseData.swift; sourceTree = "<group>"; };
		8B629D4F1C19E4EE00B00F31 /* NetUploadTask.swift */ = {isa = PBXFileReference; fileEncoding = 4; lastKnownFileType = sourcecode.swift; path = NetUploadTask.swift; sourceTree = "<group>"; };
		8B629D581C19E5F000B00F31 /* makeShare-Bridging-Header.h */ = {isa = PBXFileReference; lastKnownFileType = sourcecode.c.h; path = "makeShare-Bridging-Header.h"; sourceTree = "<group>"; };
		AA43B22A1C1B87B000323905 /* UserData.swift */ = {isa = PBXFileReference; fileEncoding = 4; lastKnownFileType = sourcecode.swift; path = UserData.swift; sourceTree = "<group>"; };
		AAFACE181BE72A2D00E3C7A0 /* 01.jpg */ = {isa = PBXFileReference; lastKnownFileType = image.jpeg; path = 01.jpg; sourceTree = "<group>"; };
		AAFACE191BE72A2D00E3C7A0 /* 41aFOL5fe8L.jpg */ = {isa = PBXFileReference; lastKnownFileType = image.jpeg; path = 41aFOL5fe8L.jpg; sourceTree = "<group>"; };
		AAFACE1A1BE72A2D00E3C7A0 /* 00.jpg */ = {isa = PBXFileReference; lastKnownFileType = image.jpeg; path = 00.jpg; sourceTree = "<group>"; };
		AAFACE1B1BE72A2D00E3C7A0 /* 07.jpg */ = {isa = PBXFileReference; lastKnownFileType = image.jpeg; path = 07.jpg; sourceTree = "<group>"; };
		AAFACE1D1BE72A2D00E3C7A0 /* 03.jpg */ = {isa = PBXFileReference; lastKnownFileType = image.jpeg; path = 03.jpg; sourceTree = "<group>"; };
		AAFACE241BE72C9700E3C7A0 /* 61HFaGJfqoL._SL1424_.jpg */ = {isa = PBXFileReference; lastKnownFileType = image.jpeg; path = 61HFaGJfqoL._SL1424_.jpg; sourceTree = "<group>"; };
/* End PBXFileReference section */

/* Begin PBXFrameworksBuildPhase section */
		8B1A85661BE71F090052BB8B /* Frameworks */ = {
			isa = PBXFrameworksBuildPhase;
			buildActionMask = 2147483647;
			files = (
			);
			runOnlyForDeploymentPostprocessing = 0;
		};
		8B1A857A1BE71F0A0052BB8B /* Frameworks */ = {
			isa = PBXFrameworksBuildPhase;
			buildActionMask = 2147483647;
			files = (
			);
			runOnlyForDeploymentPostprocessing = 0;
		};
		8B1A85851BE71F0A0052BB8B /* Frameworks */ = {
			isa = PBXFrameworksBuildPhase;
			buildActionMask = 2147483647;
			files = (
			);
			runOnlyForDeploymentPostprocessing = 0;
		};
/* End PBXFrameworksBuildPhase section */

/* Begin PBXGroup section */
		8B1A85601BE71F090052BB8B = {
			isa = PBXGroup;
			children = (
				8B629D231C19E4E200B00F31 /* ELCImagePicker */,
				8B629D471C19E4EE00B00F31 /* Net */,
				8B1A856B1BE71F090052BB8B /* makeShare */,
				8B1A85801BE71F0A0052BB8B /* makeShareTests */,
				8B1A858B1BE71F0A0052BB8B /* makeShareUITests */,
				8B1A856A1BE71F090052BB8B /* Products */,
			);
			sourceTree = "<group>";
		};
		8B1A856A1BE71F090052BB8B /* Products */ = {
			isa = PBXGroup;
			children = (
				8B1A85691BE71F090052BB8B /* makeShare.app */,
				8B1A857D1BE71F0A0052BB8B /* makeShareTests.xctest */,
				8B1A85881BE71F0A0052BB8B /* makeShareUITests.xctest */,
			);
			name = Products;
			sourceTree = "<group>";
		};
		8B1A856B1BE71F090052BB8B /* makeShare */ = {
			isa = PBXGroup;
			children = (
				8B629D581C19E5F000B00F31 /* makeShare-Bridging-Header.h */,
				8B1A856C1BE71F090052BB8B /* AppDelegate.swift */,
				8B1A856E1BE71F090052BB8B /* ViewController.swift */,
				8B629CEA1C19E1E900B00F31 /* PostViewController.swift */,
				8B061B751C195580009B5673 /* PostData.swift */,
				8B3CDA4B1C1117500011BD10 /* TimeLine.swift */,
				8B3CDA4F1C1132650011BD10 /* DetailViewController.swift */,
				8B3CDA4D1C11186C0011BD10 /* TimeLineCell.swift */,
				83DFC9281C1A6512008BCAF3 /* MypageViewController.swift */,
				AA43B22A1C1B87B000323905 /* UserData.swift */,
				8B1A85701BE71F090052BB8B /* Main.storyboard */,
				8B1A85731BE71F090052BB8B /* Assets.xcassets */,
				8B1A85751BE71F0A0052BB8B /* LaunchScreen.storyboard */,
				8B1A85781BE71F0A0052BB8B /* Info.plist */,
				AAFACE181BE72A2D00E3C7A0 /* 01.jpg */,
				AAFACE191BE72A2D00E3C7A0 /* 41aFOL5fe8L.jpg */,
				AAFACE1A1BE72A2D00E3C7A0 /* 00.jpg */,
				AAFACE241BE72C9700E3C7A0 /* 61HFaGJfqoL._SL1424_.jpg */,
				AAFACE1B1BE72A2D00E3C7A0 /* 07.jpg */,
				AAFACE1D1BE72A2D00E3C7A0 /* 03.jpg */,
			);
			path = makeShare;
			sourceTree = "<group>";
		};
		8B1A85801BE71F0A0052BB8B /* makeShareTests */ = {
			isa = PBXGroup;
			children = (
				8B1A85811BE71F0A0052BB8B /* makeShareTests.swift */,
				8B1A85831BE71F0A0052BB8B /* Info.plist */,
			);
			path = makeShareTests;
			sourceTree = "<group>";
		};
		8B1A858B1BE71F0A0052BB8B /* makeShareUITests */ = {
			isa = PBXGroup;
			children = (
				8B1A858C1BE71F0A0052BB8B /* makeShareUITests.swift */,
				8B1A858E1BE71F0A0052BB8B /* Info.plist */,
			);
			path = makeShareUITests;
			sourceTree = "<group>";
		};
		8B629D231C19E4E200B00F31 /* ELCImagePicker */ = {
			isa = PBXGroup;
			children = (
				8B629D241C19E4E200B00F31 /* ELCAlbumPickerController.h */,
				8B629D251C19E4E200B00F31 /* ELCAlbumPickerController.m */,
				8B629D261C19E4E200B00F31 /* ELCAsset.h */,
				8B629D271C19E4E200B00F31 /* ELCAsset.m */,
				8B629D281C19E4E200B00F31 /* ELCAssetCell.h */,
				8B629D291C19E4E200B00F31 /* ELCAssetCell.m */,
				8B629D2A1C19E4E200B00F31 /* ELCAssetPickerFilterDelegate.h */,
				8B629D2B1C19E4E200B00F31 /* ELCAssetSelectionDelegate.h */,
				8B629D2C1C19E4E200B00F31 /* ELCAssetTablePicker.h */,
				8B629D2D1C19E4E200B00F31 /* ELCAssetTablePicker.m */,
				8B629D2E1C19E4E200B00F31 /* ELCConsole.h */,
				8B629D2F1C19E4E200B00F31 /* ELCConsole.m */,
				8B629D301C19E4E200B00F31 /* ELCImagePickerController.h */,
				8B629D311C19E4E200B00F31 /* ELCImagePickerController.m */,
				8B629D321C19E4E200B00F31 /* ELCImagePickerHeader.h */,
				8B629D331C19E4E200B00F31 /* ELCOverlayImageView.h */,
				8B629D341C19E4E200B00F31 /* ELCOverlayImageView.m */,
				8B629D351C19E4E200B00F31 /* Resources */,
			);
			path = ELCImagePicker;
			sourceTree = "<group>";
		};
		8B629D351C19E4E200B00F31 /* Resources */ = {
			isa = PBXGroup;
			children = (
				8B629D361C19E4E200B00F31 /* ELCAlbumPickerController.xib */,
				8B629D371C19E4E200B00F31 /* ELCAssetPicker.xib */,
				8B629D381C19E4E200B00F31 /* ELCAssetTablePicker.xib */,
				8B629D391C19E4E200B00F31 /* Overlay.png */,
				8B629D3A1C19E4E200B00F31 /* Overlay@2x.png */,
			);
			path = Resources;
			sourceTree = "<group>";
		};
		8B629D471C19E4EE00B00F31 /* Net */ = {
			isa = PBXGroup;
			children = (
				8B629D481C19E4EE00B00F31 /* GCD.swift */,
				8B629D491C19E4EE00B00F31 /* Net.swift */,
				8B629D4A1C19E4EE00B00F31 /* NetData.swift */,
				8B629D4B1C19E4EE00B00F31 /* NetDownloadTask.swift */,
				8B629D4C1C19E4EE00B00F31 /* NetHelper.swift */,
				8B629D4D1C19E4EE00B00F31 /* NetRequestSerialization.swift */,
				8B629D4E1C19E4EE00B00F31 /* NetResponseData.swift */,
				8B629D4F1C19E4EE00B00F31 /* NetUploadTask.swift */,
			);
			path = Net;
			sourceTree = "<group>";
		};
/* End PBXGroup section */

/* Begin PBXNativeTarget section */
		8B1A85681BE71F090052BB8B /* makeShare */ = {
			isa = PBXNativeTarget;
			buildConfigurationList = 8B1A85911BE71F0A0052BB8B /* Build configuration list for PBXNativeTarget "makeShare" */;
			buildPhases = (
				8B1A85651BE71F090052BB8B /* Sources */,
				8B1A85661BE71F090052BB8B /* Frameworks */,
				8B1A85671BE71F090052BB8B /* Resources */,
			);
			buildRules = (
			);
			dependencies = (
			);
			name = makeShare;
			productName = makeShare;
			productReference = 8B1A85691BE71F090052BB8B /* makeShare.app */;
			productType = "com.apple.product-type.application";
		};
		8B1A857C1BE71F0A0052BB8B /* makeShareTests */ = {
			isa = PBXNativeTarget;
			buildConfigurationList = 8B1A85941BE71F0A0052BB8B /* Build configuration list for PBXNativeTarget "makeShareTests" */;
			buildPhases = (
				8B1A85791BE71F0A0052BB8B /* Sources */,
				8B1A857A1BE71F0A0052BB8B /* Frameworks */,
				8B1A857B1BE71F0A0052BB8B /* Resources */,
			);
			buildRules = (
			);
			dependencies = (
				8B1A857F1BE71F0A0052BB8B /* PBXTargetDependency */,
			);
			name = makeShareTests;
			productName = makeShareTests;
			productReference = 8B1A857D1BE71F0A0052BB8B /* makeShareTests.xctest */;
			productType = "com.apple.product-type.bundle.unit-test";
		};
		8B1A85871BE71F0A0052BB8B /* makeShareUITests */ = {
			isa = PBXNativeTarget;
			buildConfigurationList = 8B1A85971BE71F0A0052BB8B /* Build configuration list for PBXNativeTarget "makeShareUITests" */;
			buildPhases = (
				8B1A85841BE71F0A0052BB8B /* Sources */,
				8B1A85851BE71F0A0052BB8B /* Frameworks */,
				8B1A85861BE71F0A0052BB8B /* Resources */,
			);
			buildRules = (
			);
			dependencies = (
				8B1A858A1BE71F0A0052BB8B /* PBXTargetDependency */,
			);
			name = makeShareUITests;
			productName = makeShareUITests;
			productReference = 8B1A85881BE71F0A0052BB8B /* makeShareUITests.xctest */;
			productType = "com.apple.product-type.bundle.ui-testing";
		};
/* End PBXNativeTarget section */

/* Begin PBXProject section */
		8B1A85611BE71F090052BB8B /* Project object */ = {
			isa = PBXProject;
			attributes = {
				LastSwiftUpdateCheck = 0710;
				LastUpgradeCheck = 0710;
				ORGANIZATIONNAME = JKCommittee;
				TargetAttributes = {
					8B1A85681BE71F090052BB8B = {
						CreatedOnToolsVersion = 7.1;
						DevelopmentTeam = 64SEW353DQ;
					};
					8B1A857C1BE71F0A0052BB8B = {
						CreatedOnToolsVersion = 7.1;
						TestTargetID = 8B1A85681BE71F090052BB8B;
					};
					8B1A85871BE71F0A0052BB8B = {
						CreatedOnToolsVersion = 7.1;
						TestTargetID = 8B1A85681BE71F090052BB8B;
					};
				};
			};
			buildConfigurationList = 8B1A85641BE71F090052BB8B /* Build configuration list for PBXProject "makeShare" */;
			compatibilityVersion = "Xcode 3.2";
			developmentRegion = English;
			hasScannedForEncodings = 0;
			knownRegions = (
				en,
				Base,
			);
			mainGroup = 8B1A85601BE71F090052BB8B;
			productRefGroup = 8B1A856A1BE71F090052BB8B /* Products */;
			projectDirPath = "";
			projectRoot = "";
			targets = (
				8B1A85681BE71F090052BB8B /* makeShare */,
				8B1A857C1BE71F0A0052BB8B /* makeShareTests */,
				8B1A85871BE71F0A0052BB8B /* makeShareUITests */,
			);
		};
/* End PBXProject section */

/* Begin PBXResourcesBuildPhase section */
		8B1A85671BE71F090052BB8B /* Resources */ = {
			isa = PBXResourcesBuildPhase;
			buildActionMask = 2147483647;
			files = (
				8B629D431C19E4E200B00F31 /* ELCAssetPicker.xib in Resources */,
				8B629D421C19E4E200B00F31 /* ELCAlbumPickerController.xib in Resources */,
				8B1A85771BE71F0A0052BB8B /* LaunchScreen.storyboard in Resources */,
				AAFACE1F1BE72A2D00E3C7A0 /* 41aFOL5fe8L.jpg in Resources */,
				AAFACE211BE72A2D00E3C7A0 /* 07.jpg in Resources */,
				8B629D461C19E4E200B00F31 /* Overlay@2x.png in Resources */,
				8B1A85741BE71F090052BB8B /* Assets.xcassets in Resources */,
				8B629D441C19E4E200B00F31 /* ELCAssetTablePicker.xib in Resources */,
				AAFACE201BE72A2D00E3C7A0 /* 00.jpg in Resources */,
				AAFACE231BE72A2D00E3C7A0 /* 03.jpg in Resources */,
				AAFACE1E1BE72A2D00E3C7A0 /* 01.jpg in Resources */,
				8B629D451C19E4E200B00F31 /* Overlay.png in Resources */,
				AAFACE251BE72C9700E3C7A0 /* 61HFaGJfqoL._SL1424_.jpg in Resources */,
				8B1A85721BE71F090052BB8B /* Main.storyboard in Resources */,
			);
			runOnlyForDeploymentPostprocessing = 0;
		};
		8B1A857B1BE71F0A0052BB8B /* Resources */ = {
			isa = PBXResourcesBuildPhase;
			buildActionMask = 2147483647;
			files = (
			);
			runOnlyForDeploymentPostprocessing = 0;
		};
		8B1A85861BE71F0A0052BB8B /* Resources */ = {
			isa = PBXResourcesBuildPhase;
			buildActionMask = 2147483647;
			files = (
			);
			runOnlyForDeploymentPostprocessing = 0;
		};
/* End PBXResourcesBuildPhase section */

/* Begin PBXSourcesBuildPhase section */
		8B1A85651BE71F090052BB8B /* Sources */ = {
			isa = PBXSourcesBuildPhase;
			buildActionMask = 2147483647;
			files = (
				8B629D531C19E4EE00B00F31 /* NetDownloadTask.swift in Sources */,
				8B629D501C19E4EE00B00F31 /* GCD.swift in Sources */,
				8B629D551C19E4EE00B00F31 /* NetRequestSerialization.swift in Sources */,
				8B3CDA4E1C11186C0011BD10 /* TimeLineCell.swift in Sources */,
				8B629D3C1C19E4E200B00F31 /* ELCAsset.m in Sources */,
				8B629D3F1C19E4E200B00F31 /* ELCConsole.m in Sources */,
				8B061B761C195580009B5673 /* PostData.swift in Sources */,
				8B629CEB1C19E1E900B00F31 /* PostViewController.swift in Sources */,
				8B1A856F1BE71F090052BB8B /* ViewController.swift in Sources */,
				8B629D3D1C19E4E200B00F31 /* ELCAssetCell.m in Sources */,
				8B629D521C19E4EE00B00F31 /* NetData.swift in Sources */,
				8B629D3B1C19E4E200B00F31 /* ELCAlbumPickerController.m in Sources */,
				8B629D561C19E4EE00B00F31 /* NetResponseData.swift in Sources */,
				8B629D571C19E4EE00B00F31 /* NetUploadTask.swift in Sources */,
				8B629D411C19E4E200B00F31 /* ELCOverlayImageView.m in Sources */,
				8B629D401C19E4E200B00F31 /* ELCImagePickerController.m in Sources */,
				8B629D511C19E4EE00B00F31 /* Net.swift in Sources */,
				8B629D541C19E4EE00B00F31 /* NetHelper.swift in Sources */,
				AA43B22B1C1B87B000323905 /* UserData.swift in Sources */,
				8B3CDA501C1132650011BD10 /* DetailViewController.swift in Sources */,
				8B3CDA4C1C1117500011BD10 /* TimeLine.swift in Sources */,
				83DFC9291C1A6512008BCAF3 /* MypageViewController.swift in Sources */,
				8B1A856D1BE71F090052BB8B /* AppDelegate.swift in Sources */,
				8B629D3E1C19E4E200B00F31 /* ELCAssetTablePicker.m in Sources */,
			);
			runOnlyForDeploymentPostprocessing = 0;
		};
		8B1A85791BE71F0A0052BB8B /* Sources */ = {
			isa = PBXSourcesBuildPhase;
			buildActionMask = 2147483647;
			files = (
				8B1A85821BE71F0A0052BB8B /* makeShareTests.swift in Sources */,
			);
			runOnlyForDeploymentPostprocessing = 0;
		};
		8B1A85841BE71F0A0052BB8B /* Sources */ = {
			isa = PBXSourcesBuildPhase;
			buildActionMask = 2147483647;
			files = (
				8B1A858D1BE71F0A0052BB8B /* makeShareUITests.swift in Sources */,
			);
			runOnlyForDeploymentPostprocessing = 0;
		};
/* End PBXSourcesBuildPhase section */

/* Begin PBXTargetDependency section */
		8B1A857F1BE71F0A0052BB8B /* PBXTargetDependency */ = {
			isa = PBXTargetDependency;
			target = 8B1A85681BE71F090052BB8B /* makeShare */;
			targetProxy = 8B1A857E1BE71F0A0052BB8B /* PBXContainerItemProxy */;
		};
		8B1A858A1BE71F0A0052BB8B /* PBXTargetDependency */ = {
			isa = PBXTargetDependency;
			target = 8B1A85681BE71F090052BB8B /* makeShare */;
			targetProxy = 8B1A85891BE71F0A0052BB8B /* PBXContainerItemProxy */;
		};
/* End PBXTargetDependency section */

/* Begin PBXVariantGroup section */
		8B1A85701BE71F090052BB8B /* Main.storyboard */ = {
			isa = PBXVariantGroup;
			children = (
				8B1A85711BE71F090052BB8B /* Base */,
			);
			name = Main.storyboard;
			sourceTree = "<group>";
		};
		8B1A85751BE71F0A0052BB8B /* LaunchScreen.storyboard */ = {
			isa = PBXVariantGroup;
			children = (
				8B1A85761BE71F0A0052BB8B /* Base */,
			);
			name = LaunchScreen.storyboard;
			sourceTree = "<group>";
		};
/* End PBXVariantGroup section */

/* Begin XCBuildConfiguration section */
		8B1A858F1BE71F0A0052BB8B /* Debug */ = {
			isa = XCBuildConfiguration;
			buildSettings = {
				ALWAYS_SEARCH_USER_PATHS = NO;
				CLANG_CXX_LANGUAGE_STANDARD = "gnu++0x";
				CLANG_CXX_LIBRARY = "libc++";
				CLANG_ENABLE_MODULES = YES;
				CLANG_ENABLE_OBJC_ARC = YES;
				CLANG_WARN_BOOL_CONVERSION = YES;
				CLANG_WARN_CONSTANT_CONVERSION = YES;
				CLANG_WARN_DIRECT_OBJC_ISA_USAGE = YES_ERROR;
				CLANG_WARN_EMPTY_BODY = YES;
				CLANG_WARN_ENUM_CONVERSION = YES;
				CLANG_WARN_INT_CONVERSION = YES;
				CLANG_WARN_OBJC_ROOT_CLASS = YES_ERROR;
				CLANG_WARN_UNREACHABLE_CODE = YES;
				CLANG_WARN__DUPLICATE_METHOD_MATCH = YES;
				"CODE_SIGN_IDENTITY[sdk=iphoneos*]" = "iPhone Developer";
				COPY_PHASE_STRIP = NO;
				DEBUG_INFORMATION_FORMAT = dwarf;
				ENABLE_STRICT_OBJC_MSGSEND = YES;
				ENABLE_TESTABILITY = YES;
				GCC_C_LANGUAGE_STANDARD = gnu99;
				GCC_DYNAMIC_NO_PIC = NO;
				GCC_NO_COMMON_BLOCKS = YES;
				GCC_OPTIMIZATION_LEVEL = 0;
				GCC_PREPROCESSOR_DEFINITIONS = (
					"DEBUG=1",
					"$(inherited)",
				);
				GCC_WARN_64_TO_32_BIT_CONVERSION = YES;
				GCC_WARN_ABOUT_RETURN_TYPE = YES_ERROR;
				GCC_WARN_UNDECLARED_SELECTOR = YES;
				GCC_WARN_UNINITIALIZED_AUTOS = YES_AGGRESSIVE;
				GCC_WARN_UNUSED_FUNCTION = YES;
				GCC_WARN_UNUSED_VARIABLE = YES;
				IPHONEOS_DEPLOYMENT_TARGET = 9.1;
				MTL_ENABLE_DEBUG_INFO = YES;
				ONLY_ACTIVE_ARCH = YES;
				SDKROOT = iphoneos;
				SWIFT_OPTIMIZATION_LEVEL = "-Onone";
			};
			name = Debug;
		};
		8B1A85901BE71F0A0052BB8B /* Release */ = {
			isa = XCBuildConfiguration;
			buildSettings = {
				ALWAYS_SEARCH_USER_PATHS = NO;
				CLANG_CXX_LANGUAGE_STANDARD = "gnu++0x";
				CLANG_CXX_LIBRARY = "libc++";
				CLANG_ENABLE_MODULES = YES;
				CLANG_ENABLE_OBJC_ARC = YES;
				CLANG_WARN_BOOL_CONVERSION = YES;
				CLANG_WARN_CONSTANT_CONVERSION = YES;
				CLANG_WARN_DIRECT_OBJC_ISA_USAGE = YES_ERROR;
				CLANG_WARN_EMPTY_BODY = YES;
				CLANG_WARN_ENUM_CONVERSION = YES;
				CLANG_WARN_INT_CONVERSION = YES;
				CLANG_WARN_OBJC_ROOT_CLASS = YES_ERROR;
				CLANG_WARN_UNREACHABLE_CODE = YES;
				CLANG_WARN__DUPLICATE_METHOD_MATCH = YES;
				"CODE_SIGN_IDENTITY[sdk=iphoneos*]" = "iPhone Developer";
				COPY_PHASE_STRIP = NO;
				DEBUG_INFORMATION_FORMAT = "dwarf-with-dsym";
				ENABLE_NS_ASSERTIONS = NO;
				ENABLE_STRICT_OBJC_MSGSEND = YES;
				GCC_C_LANGUAGE_STANDARD = gnu99;
				GCC_NO_COMMON_BLOCKS = YES;
				GCC_WARN_64_TO_32_BIT_CONVERSION = YES;
				GCC_WARN_ABOUT_RETURN_TYPE = YES_ERROR;
				GCC_WARN_UNDECLARED_SELECTOR = YES;
				GCC_WARN_UNINITIALIZED_AUTOS = YES_AGGRESSIVE;
				GCC_WARN_UNUSED_FUNCTION = YES;
				GCC_WARN_UNUSED_VARIABLE = YES;
				IPHONEOS_DEPLOYMENT_TARGET = 9.1;
				MTL_ENABLE_DEBUG_INFO = NO;
				SDKROOT = iphoneos;
				VALIDATE_PRODUCT = YES;
			};
			name = Release;
		};
		8B1A85921BE71F0A0052BB8B /* Debug */ = {
			isa = XCBuildConfiguration;
			buildSettings = {
				ASSETCATALOG_COMPILER_APPICON_NAME = AppIcon;
				CODE_SIGN_IDENTITY = "iPhone Developer";
				"CODE_SIGN_IDENTITY[sdk=iphoneos*]" = "iPhone Developer";
				INFOPLIST_FILE = makeShare/Info.plist;
				LD_RUNPATH_SEARCH_PATHS = "$(inherited) @executable_path/Frameworks";
				PRODUCT_BUNDLE_IDENTIFIER = com.jkcommittee.makeShare;
				PRODUCT_NAME = "$(TARGET_NAME)";
				PROVISIONING_PROFILE = "";
				SWIFT_OBJC_BRIDGING_HEADER = "makeShare/makeShare-Bridging-Header.h";
				"SWIFT_OBJC_BRIDGING_HEADER[arch=*]" = "makeShare/makeShare-Bridging-Header.h";
			};
			name = Debug;
		};
		8B1A85931BE71F0A0052BB8B /* Release */ = {
			isa = XCBuildConfiguration;
			buildSettings = {
				ASSETCATALOG_COMPILER_APPICON_NAME = AppIcon;
				CODE_SIGN_IDENTITY = "iPhone Developer";
				"CODE_SIGN_IDENTITY[sdk=iphoneos*]" = "iPhone Developer";
				INFOPLIST_FILE = makeShare/Info.plist;
				LD_RUNPATH_SEARCH_PATHS = "$(inherited) @executable_path/Frameworks";
				PRODUCT_BUNDLE_IDENTIFIER = com.jkcommittee.makeShare;
				PRODUCT_NAME = "$(TARGET_NAME)";
				PROVISIONING_PROFILE = "";
				SWIFT_OBJC_BRIDGING_HEADER = "makeShare/makeShare-Bridging-Header.h";
				"SWIFT_OBJC_BRIDGING_HEADER[arch=*]" = "makeShare/makeShare-Bridging-Header.h";
			};
			name = Release;
		};
		8B1A85951BE71F0A0052BB8B /* Debug */ = {
			isa = XCBuildConfiguration;
			buildSettings = {
				BUNDLE_LOADER = "$(TEST_HOST)";
				INFOPLIST_FILE = makeShareTests/Info.plist;
				LD_RUNPATH_SEARCH_PATHS = "$(inherited) @executable_path/Frameworks @loader_path/Frameworks";
				PRODUCT_BUNDLE_IDENTIFIER = com.jkcommittee.makeShareTests;
				PRODUCT_NAME = "$(TARGET_NAME)";
				TEST_HOST = "$(BUILT_PRODUCTS_DIR)/makeShare.app/makeShare";
			};
			name = Debug;
		};
		8B1A85961BE71F0A0052BB8B /* Release */ = {
			isa = XCBuildConfiguration;
			buildSettings = {
				BUNDLE_LOADER = "$(TEST_HOST)";
				INFOPLIST_FILE = makeShareTests/Info.plist;
				LD_RUNPATH_SEARCH_PATHS = "$(inherited) @executable_path/Frameworks @loader_path/Frameworks";
				PRODUCT_BUNDLE_IDENTIFIER = com.jkcommittee.makeShareTests;
				PRODUCT_NAME = "$(TARGET_NAME)";
				TEST_HOST = "$(BUILT_PRODUCTS_DIR)/makeShare.app/makeShare";
			};
			name = Release;
		};
		8B1A85981BE71F0A0052BB8B /* Debug */ = {
			isa = XCBuildConfiguration;
			buildSettings = {
				INFOPLIST_FILE = makeShareUITests/Info.plist;
				LD_RUNPATH_SEARCH_PATHS = "$(inherited) @executable_path/Frameworks @loader_path/Frameworks";
				PRODUCT_BUNDLE_IDENTIFIER = com.jkcommittee.makeShareUITests;
				PRODUCT_NAME = "$(TARGET_NAME)";
				TEST_TARGET_NAME = makeShare;
				USES_XCTRUNNER = YES;
			};
			name = Debug;
		};
		8B1A85991BE71F0A0052BB8B /* Release */ = {
			isa = XCBuildConfiguration;
			buildSettings = {
				INFOPLIST_FILE = makeShareUITests/Info.plist;
				LD_RUNPATH_SEARCH_PATHS = "$(inherited) @executable_path/Frameworks @loader_path/Frameworks";
				PRODUCT_BUNDLE_IDENTIFIER = com.jkcommittee.makeShareUITests;
				PRODUCT_NAME = "$(TARGET_NAME)";
				TEST_TARGET_NAME = makeShare;
				USES_XCTRUNNER = YES;
			};
			name = Release;
		};
/* End XCBuildConfiguration section */

/* Begin XCConfigurationList section */
		8B1A85641BE71F090052BB8B /* Build configuration list for PBXProject "makeShare" */ = {
			isa = XCConfigurationList;
			buildConfigurations = (
				8B1A858F1BE71F0A0052BB8B /* Debug */,
				8B1A85901BE71F0A0052BB8B /* Release */,
			);
			defaultConfigurationIsVisible = 0;
			defaultConfigurationName = Release;
		};
		8B1A85911BE71F0A0052BB8B /* Build configuration list for PBXNativeTarget "makeShare" */ = {
			isa = XCConfigurationList;
			buildConfigurations = (
				8B1A85921BE71F0A0052BB8B /* Debug */,
				8B1A85931BE71F0A0052BB8B /* Release */,
			);
			defaultConfigurationIsVisible = 0;
			defaultConfigurationName = Release;
		};
		8B1A85941BE71F0A0052BB8B /* Build configuration list for PBXNativeTarget "makeShareTests" */ = {
			isa = XCConfigurationList;
			buildConfigurations = (
				8B1A85951BE71F0A0052BB8B /* Debug */,
				8B1A85961BE71F0A0052BB8B /* Release */,
			);
			defaultConfigurationIsVisible = 0;
			defaultConfigurationName = Release;
		};
		8B1A85971BE71F0A0052BB8B /* Build configuration list for PBXNativeTarget "makeShareUITests" */ = {
			isa = XCConfigurationList;
			buildConfigurations = (
				8B1A85981BE71F0A0052BB8B /* Debug */,
				8B1A85991BE71F0A0052BB8B /* Release */,
			);
			defaultConfigurationIsVisible = 0;
			defaultConfigurationName = Release;
		};
/* End XCConfigurationList section */
	};
	rootObject = 8B1A85611BE71F090052BB8B /* Project object */;
}
